
Microsoft Visual Studio Solution File, Format Version 12.00
# Visual Studio Version 17
VisualStudioVersion = 17.3.32901.215
MinimumVisualStudioVersion = 10.0.40219.1
Project("{FAE04EC0-301F-11D3-BF4B-00C04F79EFBC}") = "eva2DWSiniciales2", "eva2DWSiniciales2\eva2DWSiniciales2.csproj", "{5C0C661E-18AE-4404-BD39-070CE3266BC8}"
EndProject
Project("{FAE04EC0-301F-11D3-BF4B-00C04F79EFBC}") = "DAL", "DAL\DAL.csproj", "{534A4D59-7831-4B24-A9C0-DA8613CDCA13}"
EndProject
Global
	GlobalSection(SolutionConfigurationPlatforms) = preSolution
		Debug|Any CPU = Debug|Any CPU
		Release|Any CPU = Release|Any CPU
	EndGlobalSection
	GlobalSection(ProjectConfigurationPlatforms) = postSolution
		{5C0C661E-18AE-4404-BD39-070CE3266BC8}.Debug|Any CPU.ActiveCfg = Debug|Any CPU
		{5C0C661E-18AE-4404-BD39-070CE3266BC8}.Debug|Any CPU.Build.0 = Debug|Any CPU
		{5C0C661E-18AE-4404-BD39-070CE3266BC8}.Release|Any CPU.ActiveCfg = Release|Any CPU
		{5C0C661E-18AE-4404-BD39-070CE3266BC8}.Release|Any CPU.Build.0 = Release|Any CPU
		{534A4D59-7831-4B24-A9C0-DA8613CDCA13}.Debug|Any CPU.ActiveCfg = Debug|Any CPU
		{534A4D59-7831-4B24-A9C0-DA8613CDCA13}.Debug|Any CPU.Build.0 = Debug|Any CPU
		{534A4D59-7831-4B24-A9C0-DA8613CDCA13}.Release|Any CPU.ActiveCfg = Release|Any CPU
		{534A4D59-7831-4B24-A9C0-DA8613CDCA13}.Release|Any CPU.Build.0 = Release|Any CPU
	EndGlobalSection
	GlobalSection(SolutionProperties) = preSolution
		HideSolutionNode = FALSE
	EndGlobalSection
	GlobalSection(ExtensibilityGlobals) = postSolution
		SolutionGuid = {F393C914-BE8D-463B-BFB0-74088C6FB7A2}
	EndGlobalSection
EndGlobal
